{
  "name": "socketcluster",
  "version": "13.0.0",
  "lockfileVersion": 1,
  "requires": true,
  "dependencies": {
    "ansi-escapes": {
      "version": "1.4.0",
      "resolved": "https://registry.npmjs.org/ansi-escapes/-/ansi-escapes-1.4.0.tgz",
      "integrity": "sha1-06ioOzGapneTZisT52HHkRQiMG4="
    },
    "ansi-regex": {
      "version": "2.1.1",
      "resolved": "https://registry.npmjs.org/ansi-regex/-/ansi-regex-2.1.1.tgz",
      "integrity": "sha1-w7M6te42DYbg5ijwRorn7yfWVN8="
    },
    "ansi-styles": {
      "version": "2.2.1",
      "resolved": "https://registry.npmjs.org/ansi-styles/-/ansi-styles-2.2.1.tgz",
      "integrity": "sha1-tDLdM1i2NM914eRmQ2gkBTPB3b4="
    },
    "async": {
      "version": "2.3.0",
      "resolved": "https://registry.npmjs.org/async/-/async-2.3.0.tgz",
      "integrity": "sha1-EBPRBRBH3TIP4k5JTVxm7K9hR9k=",
      "requires": {
        "lodash": "4.17.5"
      }
    },
    "async-limiter": {
      "version": "1.0.0",
      "resolved": "https://registry.npmjs.org/async-limiter/-/async-limiter-1.0.0.tgz",
      "integrity": "sha512-jp/uFnooOiO+L211eZOoSyzpOITMXx1rBITauYykG3BRYPu8h0UcxsPNB04RR5vo4Tyz3+ay17tR6JVf9qzYWg=="
    },
    "base-64": {
      "version": "0.1.0",
      "resolved": "https://registry.npmjs.org/base-64/-/base-64-0.1.0.tgz",
      "integrity": "sha1-eAqZyE59YAJgNhURxId2E78k9rs=",
      "dev": true
    },
    "base64id": {
      "version": "1.0.0",
      "resolved": "https://registry.npmjs.org/base64id/-/base64id-1.0.0.tgz",
      "integrity": "sha1-R2iMuZu2gE8OBtPnY7HDLlfY5rY="
    },
    "base64url": {
      "version": "2.0.0",
      "resolved": "https://registry.npmjs.org/base64url/-/base64url-2.0.0.tgz",
      "integrity": "sha1-6sFuA+oUOO/5Qj1puqNiYu0fcLs="
    },
    "buffer-equal-constant-time": {
      "version": "1.0.1",
      "resolved": "https://registry.npmjs.org/buffer-equal-constant-time/-/buffer-equal-constant-time-1.0.1.tgz",
      "integrity": "sha1-+OcRMvf/5uAaXJaXpMbz5I1cyBk="
    },
    "buffer-from": {
      "version": "1.0.0",
      "resolved": "https://registry.npmjs.org/buffer-from/-/buffer-from-1.0.0.tgz",
      "integrity": "sha512-83apNb8KK0Se60UE1+4Ukbe3HbfELJ6UlI4ldtOGs7So4KD26orJM8hIY9lxdzP+UpItH1Yh/Y8GUvNFWFFRxA=="
    },
    "chalk": {
      "version": "1.1.3",
      "resolved": "https://registry.npmjs.org/chalk/-/chalk-1.1.3.tgz",
      "integrity": "sha1-qBFcVeSnAv5NFQq9OHKCKn4J/Jg=",
      "requires": {
        "ansi-styles": "2.2.1",
        "escape-string-regexp": "1.0.5",
        "has-ansi": "2.0.0",
        "strip-ansi": "3.0.1",
        "supports-color": "2.0.0"
      }
    },
    "cli-cursor": {
      "version": "1.0.2",
      "resolved": "https://registry.npmjs.org/cli-cursor/-/cli-cursor-1.0.2.tgz",
      "integrity": "sha1-ZNo/fValRBLll5S9Ytw1KV6PKYc=",
      "requires": {
        "restore-cursor": "1.0.1"
      }
    },
    "cli-width": {
      "version": "2.2.0",
      "resolved": "https://registry.npmjs.org/cli-width/-/cli-width-2.2.0.tgz",
      "integrity": "sha1-/xnt6Kml5XkyQUewwR8PvLq+1jk="
    },
    "clone": {
      "version": "2.1.1",
      "resolved": "https://registry.npmjs.org/clone/-/clone-2.1.1.tgz",
      "integrity": "sha1-0hfR6WERjjrJpLi7oyhVU79kfNs=",
      "dev": true
    },
    "code-point-at": {
      "version": "1.1.0",
      "resolved": "https://registry.npmjs.org/code-point-at/-/code-point-at-1.1.0.tgz",
      "integrity": "sha1-DQcLTQQ6W+ozovGkDi7bPZpMz3c="
    },
    "component-emitter": {
      "version": "1.2.1",
      "resolved": "https://registry.npmjs.org/component-emitter/-/component-emitter-1.2.1.tgz",
      "integrity": "sha1-E3kY1teCg/ffemt8WmPhQOaUJeY="
    },
    "concat-stream": {
      "version": "1.6.2",
      "resolved": "https://registry.npmjs.org/concat-stream/-/concat-stream-1.6.2.tgz",
      "integrity": "sha512-27HBghJxjiZtIk3Ycvn/4kbJk/1uZuJFfuPEns6LaEvpvG1f0hTea8lilrouyo9mVc2GWdcEZ8OLoGmSADlrCw==",
      "requires": {
        "buffer-from": "1.0.0",
        "inherits": "2.0.3",
        "readable-stream": "2.3.5",
        "typedarray": "0.0.6"
      }
    },
    "core-util-is": {
      "version": "1.0.2",
      "resolved": "https://registry.npmjs.org/core-util-is/-/core-util-is-1.0.2.tgz",
      "integrity": "sha1-tf1UIgqivFq1eqtxQMlAdUUDwac="
    },
    "ecdsa-sig-formatter": {
      "version": "1.0.9",
      "resolved": "https://registry.npmjs.org/ecdsa-sig-formatter/-/ecdsa-sig-formatter-1.0.9.tgz",
      "integrity": "sha1-S8kmJ07Dtau1AW5+HWCSGsJisqE=",
      "requires": {
        "base64url": "2.0.0",
        "safe-buffer": "5.1.1"
      }
    },
    "escape-string-regexp": {
      "version": "1.0.5",
      "resolved": "https://registry.npmjs.org/escape-string-regexp/-/escape-string-regexp-1.0.5.tgz",
      "integrity": "sha1-G2HAViGQqN/2rjuyzwIAyhMLhtQ="
    },
    "exit-hook": {
      "version": "1.1.1",
      "resolved": "https://registry.npmjs.org/exit-hook/-/exit-hook-1.1.1.tgz",
      "integrity": "sha1-8FyiM7SMBdVP/wd2XfhQfpXAL/g="
    },
    "expirymanager": {
      "version": "0.9.3",
      "resolved": "https://registry.npmjs.org/expirymanager/-/expirymanager-0.9.3.tgz",
      "integrity": "sha1-5fazugDY12z2MxHCtx19/JvePk8="
    },
    "extend": {
      "version": "3.0.1",
      "resolved": "https://registry.npmjs.org/extend/-/extend-3.0.1.tgz",
      "integrity": "sha1-p1Xqe8Gt/MWjHOfnYtuq3F5jZEQ="
    },
    "external-editor": {
      "version": "1.1.1",
      "resolved": "https://registry.npmjs.org/external-editor/-/external-editor-1.1.1.tgz",
      "integrity": "sha1-Etew24UPf/fnCBuvQAVwAGDEYAs=",
      "requires": {
        "extend": "3.0.1",
        "spawn-sync": "1.0.15",
        "tmp": "0.0.29"
      }
    },
    "figures": {
      "version": "1.7.0",
      "resolved": "https://registry.npmjs.org/figures/-/figures-1.7.0.tgz",
      "integrity": "sha1-y+Hjr/zxzUS4DK3+0o3Hk6lwHS4=",
      "requires": {
        "escape-string-regexp": "1.0.5",
        "object-assign": "4.1.1"
      }
    },
    "fleximap": {
      "version": "0.9.10",
      "resolved": "https://registry.npmjs.org/fleximap/-/fleximap-0.9.10.tgz",
      "integrity": "sha1-GqUP9qj+oAN8w3jjjdrMCRAlrBA="
    },
    "fs-extra": {
      "version": "2.0.0",
      "resolved": "https://registry.npmjs.org/fs-extra/-/fs-extra-2.0.0.tgz",
      "integrity": "sha1-M3NSve1KC3FPPrhN6M6nZenTdgA=",
      "requires": {
        "graceful-fs": "4.1.11",
        "jsonfile": "2.4.0"
      }
    },
    "graceful-fs": {
      "version": "4.1.11",
      "resolved": "https://registry.npmjs.org/graceful-fs/-/graceful-fs-4.1.11.tgz",
      "integrity": "sha1-Dovf5NHduIVNZOBOp8AOKgJuVlg="
    },
    "has-ansi": {
      "version": "2.0.0",
      "resolved": "https://registry.npmjs.org/has-ansi/-/has-ansi-2.0.0.tgz",
      "integrity": "sha1-NPUEnOHs3ysGSa8+8k5F7TVBbZE=",
      "requires": {
        "ansi-regex": "2.1.1"
      }
    },
    "inherits": {
      "version": "2.0.3",
      "resolved": "https://registry.npmjs.org/inherits/-/inherits-2.0.3.tgz",
      "integrity": "sha1-Yzwsg+PaQqUC9SRmAiSA9CCCYd4="
    },
    "inquirer": {
      "version": "1.1.3",
      "resolved": "https://registry.npmjs.org/inquirer/-/inquirer-1.1.3.tgz",
      "integrity": "sha1-bNKpP3CfpQd5cx/SJixpgVXKsvo=",
      "requires": {
        "ansi-escapes": "1.4.0",
        "chalk": "1.1.3",
        "cli-cursor": "1.0.2",
        "cli-width": "2.2.0",
        "external-editor": "1.1.1",
        "figures": "1.7.0",
        "lodash": "4.17.5",
        "mute-stream": "0.0.6",
        "pinkie-promise": "2.0.1",
        "run-async": "2.3.0",
        "rx": "4.1.0",
        "string-width": "1.0.2",
        "strip-ansi": "3.0.1",
        "through": "2.3.8"
      }
    },
    "is-fullwidth-code-point": {
      "version": "1.0.0",
      "resolved": "https://registry.npmjs.org/is-fullwidth-code-point/-/is-fullwidth-code-point-1.0.0.tgz",
      "integrity": "sha1-754xOG8DGn8NZDr4L95QxFfvAMs=",
      "requires": {
        "number-is-nan": "1.0.1"
      }
    },
    "is-promise": {
      "version": "2.1.0",
      "resolved": "https://registry.npmjs.org/is-promise/-/is-promise-2.1.0.tgz",
      "integrity": "sha1-eaKp7OfwlugPNtKy87wWwf9L8/o="
    },
    "isarray": {
      "version": "1.0.0",
      "resolved": "https://registry.npmjs.org/isarray/-/isarray-1.0.0.tgz",
      "integrity": "sha1-u5NdSFgsuhaMBoNJV6VKPgcSTxE="
    },
    "jsonfile": {
      "version": "2.4.0",
      "resolved": "https://registry.npmjs.org/jsonfile/-/jsonfile-2.4.0.tgz",
      "integrity": "sha1-NzaitCi4e72gzIO1P6PWM6NcKug=",
      "requires": {
        "graceful-fs": "4.1.11"
      }
    },
    "jsonwebtoken": {
      "version": "8.2.0",
      "resolved": "https://registry.npmjs.org/jsonwebtoken/-/jsonwebtoken-8.2.0.tgz",
      "integrity": "sha512-1Wxh8ADP3cNyPl8tZ95WtraHXCAyXupgc0AhMHjU9er98BV+UcKsO7OJUjfhIu0Uba9A40n1oSx8dbJYrm+EoQ==",
      "requires": {
        "jws": "3.1.4",
        "lodash.includes": "4.3.0",
        "lodash.isboolean": "3.0.3",
        "lodash.isinteger": "4.0.4",
        "lodash.isnumber": "3.0.3",
        "lodash.isplainobject": "4.0.6",
        "lodash.isstring": "4.0.1",
        "lodash.once": "4.1.1",
        "ms": "2.1.1",
        "xtend": "4.0.1"
      }
    },
    "jwa": {
      "version": "1.1.5",
      "resolved": "https://registry.npmjs.org/jwa/-/jwa-1.1.5.tgz",
      "integrity": "sha1-oFUs4CIHQs1S4VN3SjKQXDDnVuU=",
      "requires": {
        "base64url": "2.0.0",
        "buffer-equal-constant-time": "1.0.1",
        "ecdsa-sig-formatter": "1.0.9",
        "safe-buffer": "5.1.1"
      }
    },
    "jws": {
      "version": "3.1.4",
      "resolved": "https://registry.npmjs.org/jws/-/jws-3.1.4.tgz",
      "integrity": "sha1-+ei5M46KhHJ31kRLFGT2GIDgUKI=",
      "requires": {
        "base64url": "2.0.0",
        "jwa": "1.1.5",
        "safe-buffer": "5.1.1"
      }
    },
    "linked-list": {
      "version": "0.1.0",
      "resolved": "https://registry.npmjs.org/linked-list/-/linked-list-0.1.0.tgz",
      "integrity": "sha1-eYsP+X0bkqT9CEgPVa6k6dSdN78=",
      "dev": true
    },
    "lodash": {
      "version": "4.17.5",
      "resolved": "https://registry.npmjs.org/lodash/-/lodash-4.17.5.tgz",
      "integrity": "sha512-svL3uiZf1RwhH+cWrfZn3A4+U58wbP0tGVTLQPbjplZxZ8ROD9VLuNgsRniTlLe7OlSqR79RUehXgpBW/s0IQw=="
    },
    "lodash.clonedeep": {
      "version": "4.5.0",
      "resolved": "https://registry.npmjs.org/lodash.clonedeep/-/lodash.clonedeep-4.5.0.tgz",
      "integrity": "sha1-4j8/nE+Pvd6HJSnBBxhXoIblzO8="
    },
    "lodash.includes": {
      "version": "4.3.0",
      "resolved": "https://registry.npmjs.org/lodash.includes/-/lodash.includes-4.3.0.tgz",
      "integrity": "sha1-YLuYqHy5I8aMoeUTJUgzFISfVT8="
    },
    "lodash.isboolean": {
      "version": "3.0.3",
      "resolved": "https://registry.npmjs.org/lodash.isboolean/-/lodash.isboolean-3.0.3.tgz",
      "integrity": "sha1-bC4XHbKiV82WgC/UOwGyDV9YcPY="
    },
    "lodash.isinteger": {
      "version": "4.0.4",
      "resolved": "https://registry.npmjs.org/lodash.isinteger/-/lodash.isinteger-4.0.4.tgz",
      "integrity": "sha1-YZwK89A/iwTDH1iChAt3sRzWg0M="
    },
    "lodash.isnumber": {
      "version": "3.0.3",
      "resolved": "https://registry.npmjs.org/lodash.isnumber/-/lodash.isnumber-3.0.3.tgz",
      "integrity": "sha1-POdoEMWSjQM1IwGsKHMX8RwLH/w="
    },
    "lodash.isplainobject": {
      "version": "4.0.6",
      "resolved": "https://registry.npmjs.org/lodash.isplainobject/-/lodash.isplainobject-4.0.6.tgz",
      "integrity": "sha1-fFJqUtibRcRcxpC4gWO+BJf1UMs="
    },
    "lodash.isstring": {
      "version": "4.0.1",
      "resolved": "https://registry.npmjs.org/lodash.isstring/-/lodash.isstring-4.0.1.tgz",
      "integrity": "sha1-1SfftUVuynzJu5XV2ur4i6VKVFE="
    },
    "lodash.once": {
      "version": "4.1.1",
      "resolved": "https://registry.npmjs.org/lodash.once/-/lodash.once-4.1.1.tgz",
      "integrity": "sha1-DdOXEhPHxW34gJd9UEyI+0cal6w="
    },
    "minimist": {
      "version": "1.2.0",
      "resolved": "https://registry.npmjs.org/minimist/-/minimist-1.2.0.tgz",
      "integrity": "sha1-o1AIsg9BOD7sH7kU9M1d95omQoQ="
    },
    "ms": {
      "version": "2.1.1",
      "resolved": "https://registry.npmjs.org/ms/-/ms-2.1.1.tgz",
      "integrity": "sha512-tgp+dl5cGk28utYktBsrFqA7HKgrhgPsg6Z/EfhWI4gl1Hwq8B/GmY/0oXZ6nF8hDVesS/FpnYaD/kOWhYQvyg=="
    },
    "mute-stream": {
      "version": "0.0.6",
      "resolved": "https://registry.npmjs.org/mute-stream/-/mute-stream-0.0.6.tgz",
      "integrity": "sha1-SJYrGeFp/R38JAs/HnMXYnu8R9s="
    },
    "ncom": {
      "version": "1.0.1",
      "resolved": "https://registry.npmjs.org/ncom/-/ncom-1.0.1.tgz",
      "integrity": "sha512-g7/hfG/yYNoi4GMwiyW1F17KFcDhgQ7YLOe+889sfaS+D4G9qcpLvtQu7FY5diDa6K+mLNU7tdhy5KD5t68ByQ==",
      "requires": {
        "sc-formatter": "3.0.2"
      }
    },
    "number-is-nan": {
      "version": "1.0.1",
      "resolved": "https://registry.npmjs.org/number-is-nan/-/number-is-nan-1.0.1.tgz",
      "integrity": "sha1-CXtgK1NCKlIsGvuHkDGDNpQaAR0="
    },
    "object-assign": {
      "version": "4.1.1",
      "resolved": "https://registry.npmjs.org/object-assign/-/object-assign-4.1.1.tgz",
      "integrity": "sha1-IQmtx5ZYh8/AXLvUQsrIv7s2CGM="
    },
    "onetime": {
      "version": "1.1.0",
      "resolved": "http://registry.npmjs.org/onetime/-/onetime-1.1.0.tgz",
      "integrity": "sha1-ofeDj4MUxRbwXs78vEzP4EtO14k="
    },
    "os-shim": {
      "version": "0.1.3",
      "resolved": "https://registry.npmjs.org/os-shim/-/os-shim-0.1.3.tgz",
      "integrity": "sha1-a2LDeRz3kJ6jXtRuF2WLtBfLORc="
    },
    "os-tmpdir": {
      "version": "1.0.2",
      "resolved": "https://registry.npmjs.org/os-tmpdir/-/os-tmpdir-1.0.2.tgz",
      "integrity": "sha1-u+Z0BseaqFxc/sdm/lc0VV36EnQ="
    },
    "pinkie": {
      "version": "2.0.4",
      "resolved": "https://registry.npmjs.org/pinkie/-/pinkie-2.0.4.tgz",
      "integrity": "sha1-clVrgM+g1IqXToDnckjoDtT3+HA="
    },
    "pinkie-promise": {
      "version": "2.0.1",
      "resolved": "https://registry.npmjs.org/pinkie-promise/-/pinkie-promise-2.0.1.tgz",
      "integrity": "sha1-ITXW36ejWMBprJsXh3YogihFD/o=",
      "requires": {
        "pinkie": "2.0.4"
      }
    },
    "process-nextick-args": {
      "version": "2.0.0",
      "resolved": "https://registry.npmjs.org/process-nextick-args/-/process-nextick-args-2.0.0.tgz",
      "integrity": "sha512-MtEC1TqN0EU5nephaJ4rAtThHtC86dNN9qCuEhtshvpVBkAW5ZO7BASN9REnF9eoXGcRub+pFuKEpOHE+HbEMw=="
    },
    "querystring": {
      "version": "0.2.0",
      "resolved": "https://registry.npmjs.org/querystring/-/querystring-0.2.0.tgz",
      "integrity": "sha1-sgmEkgO7Jd+CDadW50cAWHhSFiA=",
      "dev": true
    },
    "readable-stream": {
      "version": "2.3.5",
      "resolved": "https://registry.npmjs.org/readable-stream/-/readable-stream-2.3.5.tgz",
      "integrity": "sha512-tK0yDhrkygt/knjowCUiWP9YdV7c5R+8cR0r/kt9ZhBU906Fs6RpQJCEilamRJj1Nx2rWI6LkW9gKqjTkshhEw==",
      "requires": {
        "core-util-is": "1.0.2",
        "inherits": "2.0.3",
        "isarray": "1.0.0",
        "process-nextick-args": "2.0.0",
        "safe-buffer": "5.1.1",
        "string_decoder": "1.0.3",
        "util-deprecate": "1.0.2"
      }
    },
    "restore-cursor": {
      "version": "1.0.1",
      "resolved": "https://registry.npmjs.org/restore-cursor/-/restore-cursor-1.0.1.tgz",
      "integrity": "sha1-NGYfRohjJ/7SmRR5FSJS35LapUE=",
      "requires": {
        "exit-hook": "1.1.1",
        "onetime": "1.1.0"
      }
    },
    "run-async": {
      "version": "2.3.0",
      "resolved": "https://registry.npmjs.org/run-async/-/run-async-2.3.0.tgz",
      "integrity": "sha1-A3GrSuC91yDUFm19/aZP96RFpsA=",
      "requires": {
        "is-promise": "2.1.0"
      }
    },
    "rx": {
      "version": "4.1.0",
      "resolved": "https://registry.npmjs.org/rx/-/rx-4.1.0.tgz",
      "integrity": "sha1-pfE/957zt0D+MKqAP7CfmIBdR4I="
    },
    "safe-buffer": {
      "version": "5.1.1",
      "resolved": "https://registry.npmjs.org/safe-buffer/-/safe-buffer-5.1.1.tgz",
      "integrity": "sha512-kKvNJn6Mm93gAczWVJg7wH+wGYWNrDHdWvpUmHyEsgCtIwwo3bqPtV4tR5tuPaUhTOo/kvhVwd8XwwOllGYkbg=="
    },
    "sc-auth": {
      "version": "5.0.0",
      "resolved": "https://registry.npmjs.org/sc-auth/-/sc-auth-5.0.0.tgz",
      "integrity": "sha1-ySdiDQDMuJ5oAs9l+c1+MB/Psus=",
      "requires": {
        "jsonwebtoken": "8.2.0",
        "sc-errors": "1.4.0"
      }
    },
    "sc-broker": {
      "version": "5.1.3",
      "resolved": "https://registry.npmjs.org/sc-broker/-/sc-broker-5.1.3.tgz",
      "integrity": "sha512-5mWOGPrh+HokIPVRPESnbvHNGbsgmhiu8LVQIxkA/gNkLUGRJIYudXLekWufqOtbmheCI91z3VAacmDsB/LzYQ==",
      "requires": {
        "expirymanager": "0.9.3",
        "fleximap": "0.9.10",
        "ncom": "1.0.1",
        "sc-errors": "1.4.0",
        "uuid": "3.1.0"
      },
      "dependencies": {
        "uuid": {
          "version": "3.1.0",
          "resolved": "https://registry.npmjs.org/uuid/-/uuid-3.1.0.tgz",
          "integrity": "sha512-DIWtzUkw04M4k3bf1IcpS2tngXEL26YUD2M0tMDUpnUrz2hgzUBlD55a4FjdLGPvfHxS6uluGWvaVEqgBcVa+g=="
        }
      }
    },
    "sc-broker-cluster": {
      "version": "6.1.4",
      "resolved": "https://registry.npmjs.org/sc-broker-cluster/-/sc-broker-cluster-6.1.4.tgz",
      "integrity": "sha512-xIrAyC96f708lf+obWD+/GkDRxBZxfsVD42ztUvqaVpkkKIkKYh90bFgW010I81DNTwrOHZglu+ClhbGlXyc9A==",
      "requires": {
        "async": "2.0.0",
        "sc-broker": "5.1.3",
        "sc-channel": "1.2.0",
        "sc-errors": "1.4.0",
        "sc-hasher": "1.0.0"
      },
      "dependencies": {
        "async": {
          "version": "2.0.0",
          "resolved": "https://registry.npmjs.org/async/-/async-2.0.0.tgz",
          "integrity": "sha1-0JAK04WvE4BFQKEJxCFm4657K50=",
          "requires": {
            "lodash": "4.17.5"
          }
        }
      }
    },
    "sc-channel": {
      "version": "1.2.0",
      "resolved": "https://registry.npmjs.org/sc-channel/-/sc-channel-1.2.0.tgz",
      "integrity": "sha512-M3gdq8PlKg0zWJSisWqAsMmTVxYRTpVRqw4CWAdKBgAfVKumFcTjoCV0hYu7lgUXccCtCD8Wk9VkkE+IXCxmZA==",
      "requires": {
        "component-emitter": "1.2.1"
      }
    },
    "sc-errors": {
      "version": "1.4.0",
      "resolved": "https://registry.npmjs.org/sc-errors/-/sc-errors-1.4.0.tgz",
      "integrity": "sha512-h+jRWx/xRJmkPFDd0IltoTl/QJ6hAr5Y+3ZVeBQRLuWZKe+dHdf2uVwFp2OYqlLQ7GHht4y9eXG2zOf2Ik6PTw=="
    },
    "sc-formatter": {
      "version": "3.0.2",
      "resolved": "https://registry.npmjs.org/sc-formatter/-/sc-formatter-3.0.2.tgz",
      "integrity": "sha512-9PbqYBpCq+OoEeRQ3QfFIGE6qwjjBcd2j7UjgDlhnZbtSnuGgHdcRklPKYGuYFH82V/dwd+AIpu8XvA1zqTd+A=="
    },
    "sc-hasher": {
      "version": "1.0.0",
      "resolved": "https://registry.npmjs.org/sc-hasher/-/sc-hasher-1.0.0.tgz",
      "integrity": "sha1-uyKuH1opW4R8cK/0UVU2IklQ/xE="
    },
    "sc-simple-broker": {
      "version": "2.1.1",
      "resolved": "https://registry.npmjs.org/sc-simple-broker/-/sc-simple-broker-2.1.1.tgz",
      "integrity": "sha512-m6JM2dxP6G9mjEVC2VEDWt7SG/uBLerJs1U193WOd7pZKmbZhcVlhuw0IdJcs7lDwGm0jlX6DA1LbEn0yUCQLA==",
      "requires": {
        "sc-channel": "1.2.0"
      }
    },
    "sc-uws": {
      "version": "10.0.1",
      "resolved": "https://registry.npmjs.org/sc-uws/-/sc-uws-10.0.1.tgz",
      "integrity": "sha512-sLk//KBp/4Ao/7cVqwU3DbOYRZZfru9Izkc03Hlmvs7aydFoGM6+tMhWDrrhjwTUM9tXdjZldrS7mv5yzxsRmA=="
    },
    "socketcluster-client": {
      "version": "13.0.0",
      "resolved": "https://registry.npmjs.org/socketcluster-client/-/socketcluster-client-13.0.0.tgz",
      "integrity": "sha512-Fdgm6j0TgdXIkVrMI2oBzjW6WL22HmGaX6Uky5I/DmhfJGAu9hoG45VnBxUf+jE+ciZHx5NHorSp00A1YMLvCw==",
      "dev": true,
      "requires": {
        "base-64": "0.1.0",
        "clone": "2.1.1",
        "component-emitter": "1.2.1",
        "linked-list": "0.1.0",
        "querystring": "0.2.0",
        "sc-channel": "1.2.0",
        "sc-errors": "1.4.0",
        "sc-formatter": "3.0.2",
        "uuid": "3.2.1",
        "ws": "5.1.1"
      }
    },
    "socketcluster-server": {
      "version": "13.0.0",
      "resolved": "https://registry.npmjs.org/socketcluster-server/-/socketcluster-server-13.0.0.tgz",
      "integrity": "sha512-nF/nFgkmPOk/KHW9N9Hfnm0DVUeibRLQPgz1lv6dxTjprcq1ADqNpaW8d2dK/sm1szAl1tCu7ZIleF8W9Aw8ew==",
      "requires": {
        "async": "2.3.0",
        "base64id": "1.0.0",
        "component-emitter": "1.2.1",
        "lodash.clonedeep": "4.5.0",
        "sc-auth": "5.0.0",
        "sc-errors": "1.4.0",
        "sc-formatter": "3.0.2",
        "sc-simple-broker": "2.1.1",
        "sc-uws": "10.0.1",
        "uuid": "3.2.1",
        "ws": "5.1.1"
      }
    },
    "spawn-sync": {
      "version": "1.0.15",
      "resolved": "https://registry.npmjs.org/spawn-sync/-/spawn-sync-1.0.15.tgz",
      "integrity": "sha1-sAeZVX63+wyDdsKdROih6mfldHY=",
      "requires": {
        "concat-stream": "1.6.2",
        "os-shim": "0.1.3"
      }
    },
    "string-width": {
      "version": "1.0.2",
      "resolved": "https://registry.npmjs.org/string-width/-/string-width-1.0.2.tgz",
      "integrity": "sha1-EYvfW4zcUaKn5w0hHgfisLmxB9M=",
      "requires": {
        "code-point-at": "1.1.0",
        "is-fullwidth-code-point": "1.0.0",
        "strip-ansi": "3.0.1"
      }
    },
    "string_decoder": {
      "version": "1.0.3",
      "resolved": "https://registry.npmjs.org/string_decoder/-/string_decoder-1.0.3.tgz",
      "integrity": "sha512-4AH6Z5fzNNBcH+6XDMfA/BTt87skxqJlO0lAh3Dker5zThcAxG6mKz+iGu308UKoPPQ8Dcqx/4JhujzltRa+hQ==",
      "requires": {
        "safe-buffer": "5.1.1"
      }
    },
    "strip-ansi": {
      "version": "3.0.1",
      "resolved": "https://registry.npmjs.org/strip-ansi/-/strip-ansi-3.0.1.tgz",
      "integrity": "sha1-ajhfuIU9lS1f8F0Oiq+UJ43GPc8=",
      "requires": {
        "ansi-regex": "2.1.1"
      }
    },
    "supports-color": {
      "version": "2.0.0",
      "resolved": "https://registry.npmjs.org/supports-color/-/supports-color-2.0.0.tgz",
      "integrity": "sha1-U10EXOa2Nj+kARcIRimZXp3zJMc="
    },
    "through": {
      "version": "2.3.8",
      "resolved": "https://registry.npmjs.org/through/-/through-2.3.8.tgz",
      "integrity": "sha1-DdTJ/6q8NXlgsbckEV1+Doai4fU="
    },
    "tmp": {
      "version": "0.0.29",
      "resolved": "https://registry.npmjs.org/tmp/-/tmp-0.0.29.tgz",
      "integrity": "sha1-8lEl/w3Z2jzLDC3Tce4SiLuRKMA=",
      "requires": {
        "os-tmpdir": "1.0.2"
      }
    },
    "typedarray": {
      "version": "0.0.6",
      "resolved": "https://registry.npmjs.org/typedarray/-/typedarray-0.0.6.tgz",
      "integrity": "sha1-hnrHTjhkGHsdPUfZlqeOxciDB3c="
    },
    "uid-number": {
      "version": "0.0.6",
      "resolved": "https://registry.npmjs.org/uid-number/-/uid-number-0.0.6.tgz",
      "integrity": "sha1-DqEOgDXo61uOREnwbaHHMGY7qoE="
    },
    "util-deprecate": {
      "version": "1.0.2",
      "resolved": "https://registry.npmjs.org/util-deprecate/-/util-deprecate-1.0.2.tgz",
      "integrity": "sha1-RQ1Nyfpw3nMnYvvS1KKJgUGaDM8="
    },
    "uuid": {
      "version": "3.2.1",
      "resolved": "https://registry.npmjs.org/uuid/-/uuid-3.2.1.tgz",
      "integrity": "sha512-jZnMwlb9Iku/O3smGWvZhauCf6cvvpKi4BKRiliS3cxnI+Gz9j5MEpTz2UFuXiKPJocb7gnsLHwiS05ige5BEA=="
    },
    "ws": {
      "version": "5.1.1",
      "resolved": "https://registry.npmjs.org/ws/-/ws-5.1.1.tgz",
      "integrity": "sha512-bOusvpCb09TOBLbpMKszd45WKC2KPtxiyiHanv+H2DE3Az+1db5a/L7sVJZVDPUC1Br8f0SKRr1KjLpD1U/IAw==",
      "requires": {
        "async-limiter": "1.0.0"
      }
    },
    "xtend": {
      "version": "4.0.1",
      "resolved": "https://registry.npmjs.org/xtend/-/xtend-4.0.1.tgz",
      "integrity": "sha1-pcbVMr5lbiPbgg77lDofBJmNY68="
    }
  }
}
